{
  "lockfileVersion": 1,
  "configVersion": 1,
  "workspaces": {
    "": {
      "name": "@kevindebenedetti/sync-todo",
      "dependencies": {
        "js-yaml": "^4.1.0",
      },
      "devDependencies": {
        "@types/js-yaml": "^4.0.9",
        "@types/node": "^25.5.0",
        "oxlint": "^0.9",
        "typescript": "^5.8.2",
      },
    },
  },
  "packages": {
    "@oxlint/darwin-arm64": ["@oxlint/darwin-arm64@0.9.10", "", { "os": "darwin", "cpu": "arm64" }, "sha512-eOXKZYq5bnCSgDefgM5bzAg+4Fc//Rc4yjgKN8iDWUARweCaChiQXb6TXX8MfEfs6qayEMy6yVj0pqoFz0B1aw=="],

    "@oxlint/darwin-x64": ["@oxlint/darwin-x64@0.9.10", "", { "os": "darwin", "cpu": "x64" }, "sha512-UeYICDvLUaUOcY+0ugZUEmBMRLP+x8iTgL7TeY6BlpGw2ahbtUOTbyIIRWtr/0O++TnjZ+v8TzhJ9crw6Ij6dg=="],

    "@oxlint/linux-arm64-gnu": ["@oxlint/linux-arm64-gnu@0.9.10", "", { "os": "linux", "cpu": "arm64" }, "sha512-0Zn+vqHhrZyufFBfq9WOgiIool0gCR14BLsdS+0Dwd9o+kNxPGA5q7erQFkiC4rpkxtfBHeD3iIKMMt7d29Kyw=="],

    "@oxlint/linux-arm64-musl": ["@oxlint/linux-arm64-musl@0.9.10", "", { "os": "linux", "cpu": "arm64" }, "sha512-tkQcWpYwF42bA/uRaV2iMFePHkBjTTgomOgeEaiw6XOSJX4nBEqGIIboqqLBWT4JnKCf/L+IG3y/e1MflhKByw=="],

    "@oxlint/linux-x64-gnu": ["@oxlint/linux-x64-gnu@0.9.10", "", { "os": "linux", "cpu": "x64" }, "sha512-JHbkMUnibqaSMBvLHyqTL5cWxcGW+jw+Ppt2baLISpvo34a6fBR+PI7v/A92sEDWe0W1rPhypzCwA8mKpkQ3DA=="],

    "@oxlint/linux-x64-musl": ["@oxlint/linux-x64-musl@0.9.10", "", { "os": "linux", "cpu": "x64" }, "sha512-aBBwN7bQzidwHwEXr7BAdVvMTLWstCy5gikerjLnGDeCSXX9r+o6+yUzTOqZvOo66E+XBgOJaVbY8rsL1MLE0g=="],

    "@oxlint/win32-arm64": ["@oxlint/win32-arm64@0.9.10", "", { "os": "win32", "cpu": "arm64" }, "sha512-LXDnk7vKHT3IY6G1jq0O7+XMhtcHOYuxLGIx4KP+4xS6vKgBY+Bsq4xV3AtmtKlvnXkP5FxHpfLmcEtm5AWysA=="],

    "@oxlint/win32-x64": ["@oxlint/win32-x64@0.9.10", "", { "os": "win32", "cpu": "x64" }, "sha512-w5XRAV4bhgwenjjpGYZGglqzG9Wv/sI+cjQWJBQsvfDXsr2w4vOBXzt1j3/Z3EcSqf4KtkCa/IIuAhQyeShUbA=="],

    "@types/js-yaml": ["@types/js-yaml@4.0.9", "", {}, "sha512-k4MGaQl5TGo/iipqb2UDG2UwjXziSWkh0uysQelTlJpX1qGlpUZYm8PnO4DxG1qBomtJUdYJ6qR6xdIah10JLg=="],

    "@types/node": ["@types/node@25.5.0", "", { "dependencies": { "undici-types": "~7.18.0" } }, "sha512-jp2P3tQMSxWugkCUKLRPVUpGaL5MVFwF8RDuSRztfwgN1wmqJeMSbKlnEtQqU8UrhTmzEmZdu2I6v2dpp7XIxw=="],

    "argparse": ["argparse@2.0.1", "", {}, "sha512-8+9WqebbFzpX9OR+Wa6O29asIogeRMzcGtAINdpMHHyAg10f05aSFVBbcEqGf/PXw1EjAZ+q2/bEBg3DvurK3Q=="],

    "js-yaml": ["js-yaml@4.1.1", "", { "dependencies": { "argparse": "^2.0.1" }, "bin": { "js-yaml": "bin/js-yaml.js" } }, "sha512-qQKT4zQxXl8lLwBtHMWwaTcGfFOZviOJet3Oy/xmGk2gZH677CJM9EvtfdSkgWcATZhj/55JZ0rmy3myCT5lsA=="],

    "oxlint": ["oxlint@0.9.10", "", { "optionalDependencies": { "@oxlint/darwin-arm64": "0.9.10", "@oxlint/darwin-x64": "0.9.10", "@oxlint/linux-arm64-gnu": "0.9.10", "@oxlint/linux-arm64-musl": "0.9.10", "@oxlint/linux-x64-gnu": "0.9.10", "@oxlint/linux-x64-musl": "0.9.10", "@oxlint/win32-arm64": "0.9.10", "@oxlint/win32-x64": "0.9.10" }, "bin": { "oxlint": "bin/oxlint", "oxc_language_server": "bin/oxc_language_server" } }, "sha512-bKiiFN7Hnoaist/rditTRBXz+GXKYuLd53/NB7Q6zHB/bifELJarSoRLkAUGElIJKl4PSr3lTh1g6zehh+rX0g=="],

    "typescript": ["typescript@5.9.3", "", { "bin": { "tsc": "bin/tsc", "tsserver": "bin/tsserver" } }, "sha512-jl1vZzPDinLr9eUt3J/t7V6FgNEw9QjvBPdysz9KfQDD41fQrC2Y4vKQdiaUpFT4bXlb1RHhLpp8wtm6M5TgSw=="],

    "undici-types": ["undici-types@7.18.2", "", {}, "sha512-AsuCzffGHJybSaRrmr5eHr81mwJU3kjw6M+uprWvCXiNeN9SOGwQ3Jn8jb8m3Z6izVgknn1R0FTCEAP2QrLY/w=="],
  }
}
